
Microsoft Visual Studio Solution File, Format Version 12.00
# Visual Studio Version 16
VisualStudioVersion = 16.0.30225.117
MinimumVisualStudioVersion = 10.0.40219.1
Project("{FAE04EC0-301F-11D3-BF4B-00C04F79EFBC}") = "WisestJobMasters", "WisestJobMasters\WisestJobMasters.csproj", "{10F8612F-7920-47A6-BFEA-E841620C47F1}"
EndProject
Global
	GlobalSection(SolutionConfigurationPlatforms) = preSolution
		Debug|Any CPU = Debug|Any CPU
		Release|Any CPU = Release|Any CPU
	EndGlobalSection
	GlobalSection(ProjectConfigurationPlatforms) = postSolution
		{10F8612F-7920-47A6-BFEA-E841620C47F1}.Debug|Any CPU.ActiveCfg = Debug|Any CPU
		{10F8612F-7920-47A6-BFEA-E841620C47F1}.Debug|Any CPU.Build.0 = Debug|Any CPU
		{10F8612F-7920-47A6-BFEA-E841620C47F1}.Release|Any CPU.ActiveCfg = Release|Any CPU
		{10F8612F-7920-47A6-BFEA-E841620C47F1}.Release|Any CPU.Build.0 = Release|Any CPU
	EndGlobalSection
	GlobalSection(SolutionProperties) = preSolution
		HideSolutionNode = FALSE
	EndGlobalSection
	GlobalSection(ExtensibilityGlobals) = postSolution
		SolutionGuid = {6884D801-5354-46B1-BCAE-3F52B3B117DF}
	EndGlobalSection
EndGlobal
